
Microsoft Visual Studio Solution File, Format Version 12.00
# Visual Studio Version 16
VisualStudioVersion = 25.0.1700.0
MinimumVisualStudioVersion = 10.0.40219.1
Project("{FAE04EC0-301F-11D3-BF4B-00C04F79EFBC}") = "QrScanner", "QrScanner\QrScanner.csproj", "{58A84595-1F54-4ACC-A056-B612BD9F6F8A}"
EndProject
Global
	GlobalSection(SolutionConfigurationPlatforms) = preSolution
		Debug|Any CPU = Debug|Any CPU
		Release|Any CPU = Release|Any CPU
	EndGlobalSection
	GlobalSection(ProjectConfigurationPlatforms) = postSolution
		{58A84595-1F54-4ACC-A056-B612BD9F6F8A}.Debug|Any CPU.ActiveCfg = Debug|Any CPU
		{58A84595-1F54-4ACC-A056-B612BD9F6F8A}.Debug|Any CPU.Build.0 = Debug|Any CPU
		{58A84595-1F54-4ACC-A056-B612BD9F6F8A}.Release|Any CPU.ActiveCfg = Release|Any CPU
		{58A84595-1F54-4ACC-A056-B612BD9F6F8A}.Release|Any CPU.Build.0 = Release|Any CPU
	EndGlobalSection
	GlobalSection(SolutionProperties) = preSolution
		HideSolutionNode = FALSE
	EndGlobalSection
	GlobalSection(ExtensibilityGlobals) = postSolution
		SolutionGuid = {9EE9DA45-5E32-497D-9FFC-FD0DC26249D1}
	EndGlobalSection
EndGlobal
